{
  "name": "week05",
  "version": "1.0.0",
  "lockfileVersion": 1,
  "requires": true,
  "dependencies": {
    "atob": {
      "version": "2.1.2",
      "resolved": "http://registry.npm.taobao.org/atob/download/atob-2.1.2.tgz",
      "integrity": "sha1-bZUX654DDSQ2ZmZR6GvZ9vE1M8k="
    },
    "css": {
      "version": "3.0.0",
      "resolved": "https://registry.npm.taobao.org/css/download/css-3.0.0.tgz?cache=0&sync_timestamp=1593663869717&other_urls=https%3A%2F%2Fregistry.npm.taobao.org%2Fcss%2Fdownload%2Fcss-3.0.0.tgz",
      "integrity": "sha1-REek1Y/dAzZ8UWyp9krjZc7kql0=",
      "requires": {
        "inherits": "^2.0.4",
        "source-map": "^0.6.1",
        "source-map-resolve": "^0.6.0"
      }
    },
    "decode-uri-component": {
      "version": "0.2.0",
      "resolved": "http://registry.npm.taobao.org/decode-uri-component/download/decode-uri-component-0.2.0.tgz",
      "integrity": "sha1-6zkTMzRYd1y4TNGh+uBiEGu4dUU="
    },
    "images": {
      "version": "3.2.2",
      "resolved": "https://registry.npm.taobao.org/images/download/images-3.2.2.tgz",
      "integrity": "sha1-6qQMSLbiDSvxgJ37tAfHrx6AOOE="
    },
    "inherits": {
      "version": "2.0.4",
      "resolved": "https://registry.npm.taobao.org/inherits/download/inherits-2.0.4.tgz?cache=0&sync_timestamp=1560975547815&other_urls=https%3A%2F%2Fregistry.npm.taobao.org%2Finherits%2Fdownload%2Finherits-2.0.4.tgz",
      "integrity": "sha1-D6LGT5MpF8NDOg3tVTY6rjdBa3w="
    },
    "source-map": {
      "version": "0.6.1",
      "resolved": "http://registry.npm.taobao.org/source-map/download/source-map-0.6.1.tgz",
      "integrity": "sha1-dHIq8y6WFOnCh6jQu95IteLxomM="
    },
    "source-map-resolve": {
      "version": "0.6.0",
      "resolved": "https://registry.npm.taobao.org/source-map-resolve/download/source-map-resolve-0.6.0.tgz?cache=0&sync_timestamp=1584831908370&other_urls=https%3A%2F%2Fregistry.npm.taobao.org%2Fsource-map-resolve%2Fdownload%2Fsource-map-resolve-0.6.0.tgz",
      "integrity": "sha1-PZ34fiNrU/FtAeWBUPx3EROOXtI=",
      "requires": {
        "atob": "^2.1.2",
        "decode-uri-component": "^0.2.0"
      }
    }
  }
}
